
Microsoft Visual Studio Solution File, Format Version 12.00
# Visual Studio Version 17
VisualStudioVersion = 17.14.36623.8 d17.14
MinimumVisualStudioVersion = 10.0.40219.1
Project("{FAE04EC0-301F-11D3-BF4B-00C04F79EFBC}") = "Delegate.Basic", "Delegate.Basic\Delegate.Basic.csproj", "{13A305D7-23C4-4D91-844B-1A38D2F9F205}"
EndProject
Project("{FAE04EC0-301F-11D3-BF4B-00C04F79EFBC}") = "Delegates.AnonymousMethod", "Delegates.AnonymousMethod\Delegates.AnonymousMethod.csproj", "{5F960FFE-B774-48AC-B8B2-6FB201A89A0C}"
EndProject
Global
	GlobalSection(SolutionConfigurationPlatforms) = preSolution
		Debug|Any CPU = Debug|Any CPU
		Release|Any CPU = Release|Any CPU
	EndGlobalSection
	GlobalSection(ProjectConfigurationPlatforms) = postSolution
		{13A305D7-23C4-4D91-844B-1A38D2F9F205}.Debug|Any CPU.ActiveCfg = Debug|Any CPU
		{13A305D7-23C4-4D91-844B-1A38D2F9F205}.Debug|Any CPU.Build.0 = Debug|Any CPU
		{13A305D7-23C4-4D91-844B-1A38D2F9F205}.Release|Any CPU.ActiveCfg = Release|Any CPU
		{13A305D7-23C4-4D91-844B-1A38D2F9F205}.Release|Any CPU.Build.0 = Release|Any CPU
		{5F960FFE-B774-48AC-B8B2-6FB201A89A0C}.Debug|Any CPU.ActiveCfg = Debug|Any CPU
		{5F960FFE-B774-48AC-B8B2-6FB201A89A0C}.Debug|Any CPU.Build.0 = Debug|Any CPU
		{5F960FFE-B774-48AC-B8B2-6FB201A89A0C}.Release|Any CPU.ActiveCfg = Release|Any CPU
		{5F960FFE-B774-48AC-B8B2-6FB201A89A0C}.Release|Any CPU.Build.0 = Release|Any CPU
	EndGlobalSection
	GlobalSection(SolutionProperties) = preSolution
		HideSolutionNode = FALSE
	EndGlobalSection
	GlobalSection(ExtensibilityGlobals) = postSolution
		SolutionGuid = {6434FB87-C4EF-4BFC-AA1A-FFAD6C3D00A8}
	EndGlobalSection
EndGlobal
