
Microsoft Visual Studio Solution File, Format Version 12.00
# Visual Studio Version 17
VisualStudioVersion = 17.14.36221.1 d17.14
MinimumVisualStudioVersion = 10.0.40219.1
Project("{FAE04EC0-301F-11D3-BF4B-00C04F79EFBC}") = "Music", "Music\Music.csproj", "{E7D1C4BD-44E4-4183-8E0A-2A47171AB260}"
EndProject
Global
	GlobalSection(SolutionConfigurationPlatforms) = preSolution
		Debug|Any CPU = Debug|Any CPU
		Release|Any CPU = Release|Any CPU
	EndGlobalSection
	GlobalSection(ProjectConfigurationPlatforms) = postSolution
		{E7D1C4BD-44E4-4183-8E0A-2A47171AB260}.Debug|Any CPU.ActiveCfg = Debug|Any CPU
		{E7D1C4BD-44E4-4183-8E0A-2A47171AB260}.Debug|Any CPU.Build.0 = Debug|Any CPU
		{E7D1C4BD-44E4-4183-8E0A-2A47171AB260}.Release|Any CPU.ActiveCfg = Release|Any CPU
		{E7D1C4BD-44E4-4183-8E0A-2A47171AB260}.Release|Any CPU.Build.0 = Release|Any CPU
	EndGlobalSection
	GlobalSection(SolutionProperties) = preSolution
		HideSolutionNode = FALSE
	EndGlobalSection
	GlobalSection(ExtensibilityGlobals) = postSolution
		SolutionGuid = {B9BB4DF1-7F19-44C3-9370-012F4D1F69E2}
	EndGlobalSection
EndGlobal
