
Microsoft Visual Studio Solution File, Format Version 12.00
# Visual Studio Version 17
VisualStudioVersion = 17.14.36511.14
MinimumVisualStudioVersion = 10.0.40219.1
Project("{FAE04EC0-301F-11D3-BF4B-00C04F79EFBC}") = "AirConditionerShop.TruongMinhNhat", "AirConditionerShop.TruongMinhNhat\AirConditionerShop.TruongMinhNhat.csproj", "{B7101C76-89F6-41FF-96A1-27435B3F664A}"
EndProject
Project("{FAE04EC0-301F-11D3-BF4B-00C04F79EFBC}") = "AirConditionerShop.DAL", "AirConditionerShop.DAL\AirConditionerShop.DAL.csproj", "{6748579C-B8A6-4232-BF69-B6B6BDADB6B0}"
EndProject
Project("{FAE04EC0-301F-11D3-BF4B-00C04F79EFBC}") = "AirConditionerShop.BLL", "AirConditionerShop.BLL\AirConditionerShop.BLL.csproj", "{4C6FCFF1-D8FC-4F16-A4AF-882844CE024D}"
EndProject
Global
	GlobalSection(SolutionConfigurationPlatforms) = preSolution
		Debug|Any CPU = Debug|Any CPU
		Release|Any CPU = Release|Any CPU
	EndGlobalSection
	GlobalSection(ProjectConfigurationPlatforms) = postSolution
		{B7101C76-89F6-41FF-96A1-27435B3F664A}.Debug|Any CPU.ActiveCfg = Debug|Any CPU
		{B7101C76-89F6-41FF-96A1-27435B3F664A}.Debug|Any CPU.Build.0 = Debug|Any CPU
		{B7101C76-89F6-41FF-96A1-27435B3F664A}.Release|Any CPU.ActiveCfg = Release|Any CPU
		{B7101C76-89F6-41FF-96A1-27435B3F664A}.Release|Any CPU.Build.0 = Release|Any CPU
		{6748579C-B8A6-4232-BF69-B6B6BDADB6B0}.Debug|Any CPU.ActiveCfg = Debug|Any CPU
		{6748579C-B8A6-4232-BF69-B6B6BDADB6B0}.Debug|Any CPU.Build.0 = Debug|Any CPU
		{6748579C-B8A6-4232-BF69-B6B6BDADB6B0}.Release|Any CPU.ActiveCfg = Release|Any CPU
		{6748579C-B8A6-4232-BF69-B6B6BDADB6B0}.Release|Any CPU.Build.0 = Release|Any CPU
		{4C6FCFF1-D8FC-4F16-A4AF-882844CE024D}.Debug|Any CPU.ActiveCfg = Debug|Any CPU
		{4C6FCFF1-D8FC-4F16-A4AF-882844CE024D}.Debug|Any CPU.Build.0 = Debug|Any CPU
		{4C6FCFF1-D8FC-4F16-A4AF-882844CE024D}.Release|Any CPU.ActiveCfg = Release|Any CPU
		{4C6FCFF1-D8FC-4F16-A4AF-882844CE024D}.Release|Any CPU.Build.0 = Release|Any CPU
	EndGlobalSection
	GlobalSection(SolutionProperties) = preSolution
		HideSolutionNode = FALSE
	EndGlobalSection
	GlobalSection(ExtensibilityGlobals) = postSolution
		SolutionGuid = {2CA9743D-2D9B-4494-895A-17355DB29968}
	EndGlobalSection
EndGlobal
