
Microsoft Visual Studio Solution File, Format Version 12.00
# Visual Studio Version 17
VisualStudioVersion = 17.14.36518.9 d17.14
MinimumVisualStudioVersion = 10.0.40219.1
Project("{FAE04EC0-301F-11D3-BF4B-00C04F79EFBC}") = "AirConditionerShop.TruongMinhNhat", "AirConditionerShop.TruongMinhNhat\AirConditionerShop.TruongMinhNhat.csproj", "{B3087C04-19FE-4269-AB7E-40DBFCA7361D}"
EndProject
Project("{FAE04EC0-301F-11D3-BF4B-00C04F79EFBC}") = "AirConditionerShop.DAL", "AirConditionerShop.DAL\AirConditionerShop.DAL.csproj", "{73AEC51A-A0FE-4FC6-95AF-ECECEF4E6E95}"
EndProject
Project("{FAE04EC0-301F-11D3-BF4B-00C04F79EFBC}") = "AirConditionerShop.BLL", "AirConditionerShop.BLL\AirConditionerShop.BLL.csproj", "{16AC2996-5A3A-424B-B714-945715F03FA2}"
EndProject
Global
	GlobalSection(SolutionConfigurationPlatforms) = preSolution
		Debug|Any CPU = Debug|Any CPU
		Release|Any CPU = Release|Any CPU
	EndGlobalSection
	GlobalSection(ProjectConfigurationPlatforms) = postSolution
		{B3087C04-19FE-4269-AB7E-40DBFCA7361D}.Debug|Any CPU.ActiveCfg = Debug|Any CPU
		{B3087C04-19FE-4269-AB7E-40DBFCA7361D}.Debug|Any CPU.Build.0 = Debug|Any CPU
		{B3087C04-19FE-4269-AB7E-40DBFCA7361D}.Release|Any CPU.ActiveCfg = Release|Any CPU
		{B3087C04-19FE-4269-AB7E-40DBFCA7361D}.Release|Any CPU.Build.0 = Release|Any CPU
		{73AEC51A-A0FE-4FC6-95AF-ECECEF4E6E95}.Debug|Any CPU.ActiveCfg = Debug|Any CPU
		{73AEC51A-A0FE-4FC6-95AF-ECECEF4E6E95}.Debug|Any CPU.Build.0 = Debug|Any CPU
		{73AEC51A-A0FE-4FC6-95AF-ECECEF4E6E95}.Release|Any CPU.ActiveCfg = Release|Any CPU
		{73AEC51A-A0FE-4FC6-95AF-ECECEF4E6E95}.Release|Any CPU.Build.0 = Release|Any CPU
		{16AC2996-5A3A-424B-B714-945715F03FA2}.Debug|Any CPU.ActiveCfg = Debug|Any CPU
		{16AC2996-5A3A-424B-B714-945715F03FA2}.Debug|Any CPU.Build.0 = Debug|Any CPU
		{16AC2996-5A3A-424B-B714-945715F03FA2}.Release|Any CPU.ActiveCfg = Release|Any CPU
		{16AC2996-5A3A-424B-B714-945715F03FA2}.Release|Any CPU.Build.0 = Release|Any CPU
	EndGlobalSection
	GlobalSection(SolutionProperties) = preSolution
		HideSolutionNode = FALSE
	EndGlobalSection
	GlobalSection(ExtensibilityGlobals) = postSolution
		SolutionGuid = {D89E77EB-310E-4FF1-8C63-4C8A00B6BD47}
	EndGlobalSection
EndGlobal
