
Microsoft Visual Studio Solution File, Format Version 12.00
# Visual Studio Version 17
VisualStudioVersion = 17.10.34928.147
MinimumVisualStudioVersion = 10.0.40219.1
Project("{FAE04EC0-301F-11D3-BF4B-00C04F79EFBC}") = "Net1814_212_Clinic_ASM3_SE183605_TruongMinhNhat", "Net1814_212_Clinic_ASM3_SE183605_TruongMinhNhat\Net1814_212_Clinic_ASM3_SE183605_TruongMinhNhat.csproj", "{10DC48EC-0858-45B5-92BE-62AD13035714}"
EndProject
Global
	GlobalSection(SolutionConfigurationPlatforms) = preSolution
		Debug|Any CPU = Debug|Any CPU
		Release|Any CPU = Release|Any CPU
	EndGlobalSection
	GlobalSection(ProjectConfigurationPlatforms) = postSolution
		{10DC48EC-0858-45B5-92BE-62AD13035714}.Debug|Any CPU.ActiveCfg = Debug|Any CPU
		{10DC48EC-0858-45B5-92BE-62AD13035714}.Debug|Any CPU.Build.0 = Debug|Any CPU
		{10DC48EC-0858-45B5-92BE-62AD13035714}.Release|Any CPU.ActiveCfg = Release|Any CPU
		{10DC48EC-0858-45B5-92BE-62AD13035714}.Release|Any CPU.Build.0 = Release|Any CPU
	EndGlobalSection
	GlobalSection(SolutionProperties) = preSolution
		HideSolutionNode = FALSE
	EndGlobalSection
	GlobalSection(ExtensibilityGlobals) = postSolution
		SolutionGuid = {E4382F75-FB99-4660-A0CF-5E3168E307BE}
	EndGlobalSection
EndGlobal
