
Microsoft Visual Studio Solution File, Format Version 12.00
# Visual Studio Version 17
VisualStudioVersion = 17.10.34928.147
MinimumVisualStudioVersion = 10.0.40219.1
Project("{9A19103F-16F7-4668-BE54-9A1E7A4F7556}") = "BookManagement_TruongMinhNhat", "BookManagement_TruongMinhNhat\BookManagement_TruongMinhNhat.csproj", "{ADA3A8D0-6ABE-4822-80CE-FFEDFFD7E541}"
EndProject
Project("{FAE04EC0-301F-11D3-BF4B-00C04F79EFBC}") = "Repositories", "Repositories\Repositories.csproj", "{8D4A23CA-A09C-421C-9917-77C38945420F}"
EndProject
Project("{FAE04EC0-301F-11D3-BF4B-00C04F79EFBC}") = "Services", "Services\Services.csproj", "{45473DA4-AF1E-48CE-A638-5CBFCBA3DF45}"
EndProject
Global
	GlobalSection(SolutionConfigurationPlatforms) = preSolution
		Debug|Any CPU = Debug|Any CPU
		Release|Any CPU = Release|Any CPU
	EndGlobalSection
	GlobalSection(ProjectConfigurationPlatforms) = postSolution
		{ADA3A8D0-6ABE-4822-80CE-FFEDFFD7E541}.Debug|Any CPU.ActiveCfg = Debug|Any CPU
		{ADA3A8D0-6ABE-4822-80CE-FFEDFFD7E541}.Debug|Any CPU.Build.0 = Debug|Any CPU
		{ADA3A8D0-6ABE-4822-80CE-FFEDFFD7E541}.Release|Any CPU.ActiveCfg = Release|Any CPU
		{ADA3A8D0-6ABE-4822-80CE-FFEDFFD7E541}.Release|Any CPU.Build.0 = Release|Any CPU
		{8D4A23CA-A09C-421C-9917-77C38945420F}.Debug|Any CPU.ActiveCfg = Debug|Any CPU
		{8D4A23CA-A09C-421C-9917-77C38945420F}.Debug|Any CPU.Build.0 = Debug|Any CPU
		{8D4A23CA-A09C-421C-9917-77C38945420F}.Release|Any CPU.ActiveCfg = Release|Any CPU
		{8D4A23CA-A09C-421C-9917-77C38945420F}.Release|Any CPU.Build.0 = Release|Any CPU
		{45473DA4-AF1E-48CE-A638-5CBFCBA3DF45}.Debug|Any CPU.ActiveCfg = Debug|Any CPU
		{45473DA4-AF1E-48CE-A638-5CBFCBA3DF45}.Debug|Any CPU.Build.0 = Debug|Any CPU
		{45473DA4-AF1E-48CE-A638-5CBFCBA3DF45}.Release|Any CPU.ActiveCfg = Release|Any CPU
		{45473DA4-AF1E-48CE-A638-5CBFCBA3DF45}.Release|Any CPU.Build.0 = Release|Any CPU
	EndGlobalSection
	GlobalSection(SolutionProperties) = preSolution
		HideSolutionNode = FALSE
	EndGlobalSection
	GlobalSection(ExtensibilityGlobals) = postSolution
		SolutionGuid = {3C2B535A-174B-4AE4-8574-CAE0166C8F41}
	EndGlobalSection
EndGlobal
