
Microsoft Visual Studio Solution File, Format Version 12.00
# Visual Studio Version 17
VisualStudioVersion = 17.9.34728.123
MinimumVisualStudioVersion = 10.0.40219.1
Project("{9A19103F-16F7-4668-BE54-9A1E7A4F7556}") = "AirConditionerShop_HoangNgocTrinh", "AirConditionerShop_HoangNgocTrinh\AirConditionerShop_HoangNgocTrinh.csproj", "{1EA34F8A-DD47-4A2E-824D-A230B29A77BF}"
EndProject
Project("{FAE04EC0-301F-11D3-BF4B-00C04F79EFBC}") = "AirConditionerShop.DAL", "AirConditionerShop.DAL\AirConditionerShop.DAL.csproj", "{C8EC5F22-6E64-4104-B7E0-48C7FB9D9879}"
EndProject
Project("{FAE04EC0-301F-11D3-BF4B-00C04F79EFBC}") = "AirConditionerShop.BLL", "AirConditionerShop.BLL\AirConditionerShop.BLL.csproj", "{5BBFE538-40BC-4642-B1E4-F3214DD1B879}"
EndProject
Global
	GlobalSection(SolutionConfigurationPlatforms) = preSolution
		Debug|Any CPU = Debug|Any CPU
		Release|Any CPU = Release|Any CPU
	EndGlobalSection
	GlobalSection(ProjectConfigurationPlatforms) = postSolution
		{1EA34F8A-DD47-4A2E-824D-A230B29A77BF}.Debug|Any CPU.ActiveCfg = Debug|Any CPU
		{1EA34F8A-DD47-4A2E-824D-A230B29A77BF}.Debug|Any CPU.Build.0 = Debug|Any CPU
		{1EA34F8A-DD47-4A2E-824D-A230B29A77BF}.Release|Any CPU.ActiveCfg = Release|Any CPU
		{1EA34F8A-DD47-4A2E-824D-A230B29A77BF}.Release|Any CPU.Build.0 = Release|Any CPU
		{C8EC5F22-6E64-4104-B7E0-48C7FB9D9879}.Debug|Any CPU.ActiveCfg = Debug|Any CPU
		{C8EC5F22-6E64-4104-B7E0-48C7FB9D9879}.Debug|Any CPU.Build.0 = Debug|Any CPU
		{C8EC5F22-6E64-4104-B7E0-48C7FB9D9879}.Release|Any CPU.ActiveCfg = Release|Any CPU
		{C8EC5F22-6E64-4104-B7E0-48C7FB9D9879}.Release|Any CPU.Build.0 = Release|Any CPU
		{5BBFE538-40BC-4642-B1E4-F3214DD1B879}.Debug|Any CPU.ActiveCfg = Debug|Any CPU
		{5BBFE538-40BC-4642-B1E4-F3214DD1B879}.Debug|Any CPU.Build.0 = Debug|Any CPU
		{5BBFE538-40BC-4642-B1E4-F3214DD1B879}.Release|Any CPU.ActiveCfg = Release|Any CPU
		{5BBFE538-40BC-4642-B1E4-F3214DD1B879}.Release|Any CPU.Build.0 = Release|Any CPU
	EndGlobalSection
	GlobalSection(SolutionProperties) = preSolution
		HideSolutionNode = FALSE
	EndGlobalSection
	GlobalSection(ExtensibilityGlobals) = postSolution
		SolutionGuid = {B069F9E6-0EA6-4754-BFE7-438DBBAF6824}
	EndGlobalSection
EndGlobal
